{
  "requires": true,
  "lockfileVersion": 1,
  "dependencies": {
    "cordova-plugin-geolocation": {
      "version": "4.0.2",
      "resolved": "https://registry.npmjs.org/cordova-plugin-geolocation/-/cordova-plugin-geolocation-4.0.2.tgz",
      "integrity": "sha512-QGThnPKzPxESHkruZlpE0+5aFBVOet8al0vIJ7laSUOQHIC1dd/JY6peVIbtLboKi5Dap1wCKRubOqPqH8xcQA=="
    }
  }
}
